PODS:
  - commonModule (1.0)

DEPENDENCIES:
  - commonModule (from `../commonModule`)

EXTERNAL SOURCES:
  commonModule:
    :path: "../commonModule"

SPEC CHECKSUMS:
  commonModule: 6cf683dcc0435893f357945a60010ee8143eaa9e

PODFILE CHECKSUM: 432b30a002dffca0d212bde0bb6007e938caee46

COCOAPODS: 1.16.2
